
Microsoft Visual Studio Solution File, Format Version 12.00
# Visual Studio 2013
VisualStudioVersion = 12.0.21005.1
MinimumVisualStudioVersion = 10.0.40219.1
Project("{8BC9CEB8-8B4A-11D0-8D11-00A0C91BC942}") = "124-str C 5.13 UPRAJNENIE", "124-str C 5.13 UPRAJNENIE\124-str C 5.13 UPRAJNENIE.vcxproj", "{15CA296A-77F5-4F75-BDB5-F7AB80780F36}"
EndProject
Global
	GlobalSection(SolutionConfigurationPlatforms) = preSolution
		Debug|Win32 = Debug|Win32
		Release|Win32 = Release|Win32
	EndGlobalSection
	GlobalSection(ProjectConfigurationPlatforms) = postSolution
		{15CA296A-77F5-4F75-BDB5-F7AB80780F36}.Debug|Win32.ActiveCfg = Debug|Win32
		{15CA296A-77F5-4F75-BDB5-F7AB80780F36}.Debug|Win32.Build.0 = Debug|Win32
		{15CA296A-77F5-4F75-BDB5-F7AB80780F36}.Release|Win32.ActiveCfg = Release|Win32
		{15CA296A-77F5-4F75-BDB5-F7AB80780F36}.Release|Win32.Build.0 = Release|Win32
	EndGlobalSection
	GlobalSection(SolutionProperties) = preSolution
		HideSolutionNode = FALSE
	EndGlobalSection
EndGlobal
